
Microsoft Visual Studio Solution File, Format Version 12.00
# Visual Studio 15
VisualStudioVersion = 15.0.28307.902
MinimumVisualStudioVersion = 10.0.40219.1
Project("{FAE04EC0-301F-11D3-BF4B-00C04F79EFBC}") = "Web.HealthFoot", "Web.HealthFoot\Web.HealthFoot.csproj", "{B8DDC38D-DEEA-432B-9397-5FEC657830B5}"
EndProject
Global
	GlobalSection(SolutionConfigurationPlatforms) = preSolution
		Debug|Any CPU = Debug|Any CPU
		Release|Any CPU = Release|Any CPU
	EndGlobalSection
	GlobalSection(ProjectConfigurationPlatforms) = postSolution
		{B8DDC38D-DEEA-432B-9397-5FEC657830B5}.Debug|Any CPU.ActiveCfg = Debug|Any CPU
		{B8DDC38D-DEEA-432B-9397-5FEC657830B5}.Debug|Any CPU.Build.0 = Debug|Any CPU
		{B8DDC38D-DEEA-432B-9397-5FEC657830B5}.Release|Any CPU.ActiveCfg = Release|Any CPU
		{B8DDC38D-DEEA-432B-9397-5FEC657830B5}.Release|Any CPU.Build.0 = Release|Any CPU
	EndGlobalSection
	GlobalSection(SolutionProperties) = preSolution
		HideSolutionNode = FALSE
	EndGlobalSection
	GlobalSection(ExtensibilityGlobals) = postSolution
		SolutionGuid = {AB583773-97C7-4CD7-91BD-F8F1A9F1D25B}
	EndGlobalSection
EndGlobal
